
Microsoft Visual Studio Solution File, Format Version 12.00
# Visual Studio Version 17
VisualStudioVersion = 17.0.31903.59
MinimumVisualStudioVersion = 10.0.40219.1
Project("{FAE04EC0-301F-11D3-BF4B-00C04F79EFBC}") = "Send", "src\HelloWorld\Send\Send.csproj", "{4E464502-1162-4613-8549-19E215EDBCFD}"
EndProject
Project("{FAE04EC0-301F-11D3-BF4B-00C04F79EFBC}") = "Receive", "src\HelloWorld\Receive\Receive.csproj", "{AC3F0594-6426-4BE1-93D8-F2BC6653D73E}"
EndProject
Project("{2150E333-8FDC-42A3-9474-1A3956D46DE8}") = "HelloWorld", "HelloWorld", "{018F1376-51ED-4CEA-8641-300AC66C3473}"
EndProject
Project("{2150E333-8FDC-42A3-9474-1A3956D46DE8}") = "WorkQueues", "WorkQueues", "{9DD50B21-BE16-4516-894C-D6A797688486}"
EndProject
Project("{FAE04EC0-301F-11D3-BF4B-00C04F79EFBC}") = "NewTask", "src\WorkQueues\NewTask\NewTask.csproj", "{0643BCA8-0994-4FB6-ACF9-2231EE686A62}"
EndProject
Project("{FAE04EC0-301F-11D3-BF4B-00C04F79EFBC}") = "Worker", "src\WorkQueues\Worker\Worker.csproj", "{FD5C2C51-9D9D-4A3D-A553-066D4467EAB1}"
EndProject
Project("{2150E333-8FDC-42A3-9474-1A3956D46DE8}") = "PublishSubscribe", "PublishSubscribe", "{2D8F5292-0942-4CB9-B231-32A4FF16CF3A}"
EndProject
Project("{FAE04EC0-301F-11D3-BF4B-00C04F79EFBC}") = "EmitLog", "src\PublishSubscribe\EmitLog\EmitLog.csproj", "{4A586A52-F73A-49E1-B912-A32F7D64349E}"
EndProject
Project("{FAE04EC0-301F-11D3-BF4B-00C04F79EFBC}") = "ReceiveLogs", "src\PublishSubscribe\ReceiveLogs\ReceiveLogs.csproj", "{891887B0-F9C1-472A-B26D-9DC656B39037}"
EndProject
Global
	GlobalSection(SolutionConfigurationPlatforms) = preSolution
		Debug|Any CPU = Debug|Any CPU
		Release|Any CPU = Release|Any CPU
	EndGlobalSection
	GlobalSection(SolutionProperties) = preSolution
		HideSolutionNode = FALSE
	EndGlobalSection
	GlobalSection(ProjectConfigurationPlatforms) = postSolution
		{4E464502-1162-4613-8549-19E215EDBCFD}.Debug|Any CPU.ActiveCfg = Debug|Any CPU
		{4E464502-1162-4613-8549-19E215EDBCFD}.Debug|Any CPU.Build.0 = Debug|Any CPU
		{4E464502-1162-4613-8549-19E215EDBCFD}.Release|Any CPU.ActiveCfg = Release|Any CPU
		{4E464502-1162-4613-8549-19E215EDBCFD}.Release|Any CPU.Build.0 = Release|Any CPU
		{AC3F0594-6426-4BE1-93D8-F2BC6653D73E}.Debug|Any CPU.ActiveCfg = Debug|Any CPU
		{AC3F0594-6426-4BE1-93D8-F2BC6653D73E}.Debug|Any CPU.Build.0 = Debug|Any CPU
		{AC3F0594-6426-4BE1-93D8-F2BC6653D73E}.Release|Any CPU.ActiveCfg = Release|Any CPU
		{AC3F0594-6426-4BE1-93D8-F2BC6653D73E}.Release|Any CPU.Build.0 = Release|Any CPU
		{0643BCA8-0994-4FB6-ACF9-2231EE686A62}.Debug|Any CPU.ActiveCfg = Debug|Any CPU
		{0643BCA8-0994-4FB6-ACF9-2231EE686A62}.Debug|Any CPU.Build.0 = Debug|Any CPU
		{0643BCA8-0994-4FB6-ACF9-2231EE686A62}.Release|Any CPU.ActiveCfg = Release|Any CPU
		{0643BCA8-0994-4FB6-ACF9-2231EE686A62}.Release|Any CPU.Build.0 = Release|Any CPU
		{FD5C2C51-9D9D-4A3D-A553-066D4467EAB1}.Debug|Any CPU.ActiveCfg = Debug|Any CPU
		{FD5C2C51-9D9D-4A3D-A553-066D4467EAB1}.Debug|Any CPU.Build.0 = Debug|Any CPU
		{FD5C2C51-9D9D-4A3D-A553-066D4467EAB1}.Release|Any CPU.ActiveCfg = Release|Any CPU
		{FD5C2C51-9D9D-4A3D-A553-066D4467EAB1}.Release|Any CPU.Build.0 = Release|Any CPU
		{4A586A52-F73A-49E1-B912-A32F7D64349E}.Debug|Any CPU.ActiveCfg = Debug|Any CPU
		{4A586A52-F73A-49E1-B912-A32F7D64349E}.Debug|Any CPU.Build.0 = Debug|Any CPU
		{4A586A52-F73A-49E1-B912-A32F7D64349E}.Release|Any CPU.ActiveCfg = Release|Any CPU
		{4A586A52-F73A-49E1-B912-A32F7D64349E}.Release|Any CPU.Build.0 = Release|Any CPU
		{891887B0-F9C1-472A-B26D-9DC656B39037}.Debug|Any CPU.ActiveCfg = Debug|Any CPU
		{891887B0-F9C1-472A-B26D-9DC656B39037}.Debug|Any CPU.Build.0 = Debug|Any CPU
		{891887B0-F9C1-472A-B26D-9DC656B39037}.Release|Any CPU.ActiveCfg = Release|Any CPU
		{891887B0-F9C1-472A-B26D-9DC656B39037}.Release|Any CPU.Build.0 = Release|Any CPU
	EndGlobalSection
	GlobalSection(NestedProjects) = preSolution
		{AC3F0594-6426-4BE1-93D8-F2BC6653D73E} = {018F1376-51ED-4CEA-8641-300AC66C3473}
		{4E464502-1162-4613-8549-19E215EDBCFD} = {018F1376-51ED-4CEA-8641-300AC66C3473}
		{0643BCA8-0994-4FB6-ACF9-2231EE686A62} = {9DD50B21-BE16-4516-894C-D6A797688486}
		{FD5C2C51-9D9D-4A3D-A553-066D4467EAB1} = {9DD50B21-BE16-4516-894C-D6A797688486}
		{4A586A52-F73A-49E1-B912-A32F7D64349E} = {2D8F5292-0942-4CB9-B231-32A4FF16CF3A}
		{891887B0-F9C1-472A-B26D-9DC656B39037} = {2D8F5292-0942-4CB9-B231-32A4FF16CF3A}
	EndGlobalSection
EndGlobal
